
Microsoft Visual Studio Solution File, Format Version 12.00
# Visual Studio Version 17
VisualStudioVersion = 17.9.34728.123
MinimumVisualStudioVersion = 10.0.40219.1
Project("{FAE04EC0-301F-11D3-BF4B-00C04F79EFBC}") = "Census System", "Census System.csproj", "{EBB894BF-7075-4C80-A4A4-A22352F792F2}"
EndProject
Global
	GlobalSection(SolutionConfigurationPlatforms) = preSolution
		Debug|Any CPU = Debug|Any CPU
		Release|Any CPU = Release|Any CPU
	EndGlobalSection
	GlobalSection(ProjectConfigurationPlatforms) = postSolution
		{EBB894BF-7075-4C80-A4A4-A22352F792F2}.Debug|Any CPU.ActiveCfg = Debug|Any CPU
		{EBB894BF-7075-4C80-A4A4-A22352F792F2}.Debug|Any CPU.Build.0 = Debug|Any CPU
		{EBB894BF-7075-4C80-A4A4-A22352F792F2}.Release|Any CPU.ActiveCfg = Release|Any CPU
		{EBB894BF-7075-4C80-A4A4-A22352F792F2}.Release|Any CPU.Build.0 = Release|Any CPU
	EndGlobalSection
	GlobalSection(SolutionProperties) = preSolution
		HideSolutionNode = FALSE
	EndGlobalSection
	GlobalSection(ExtensibilityGlobals) = postSolution
		SolutionGuid = {CF303126-11C5-45D3-848E-A071B6B235EC}
	EndGlobalSection
EndGlobal
